
Microsoft Visual Studio Solution File, Format Version 12.00
# Visual Studio Version 17
VisualStudioVersion = 17.9.34728.123
MinimumVisualStudioVersion = 10.0.40219.1
Project("{2150E333-8FDC-42A3-9474-1A3956D46DE8}") = "Services", "Services", "{3242F726-A775-4156-A526-534E3659BE3B}"
EndProject
Project("{9A19103F-16F7-4668-BE54-9A1E7A4F7556}") = "Catalog.API", "Services\Catalog\Catalog.API\Catalog.API.csproj", "{8E4C276E-4ABA-423F-BFB4-5EF8E9F96BBB}"
EndProject
Project("{2150E333-8FDC-42A3-9474-1A3956D46DE8}") = "BuildingBlocks", "BuildingBlocks", "{F99F1EED-871C-4EA4-9A44-975154319B91}"
EndProject
Project("{9A19103F-16F7-4668-BE54-9A1E7A4F7556}") = "BuildingBlocks", "BuildingBlocks\BuildingBlocks\BuildingBlocks.csproj", "{11E3D140-FBB2-495E-82D8-8A1FC50A18E4}"
EndProject
Project("{E53339B2-1760-4266-BCC7-CA923CBCF16C}") = "docker-compose", "docker-compose.dcproj", "{26DB2851-6CE2-4FE8-932A-656EF27BD2D2}"
EndProject
Project("{2150E333-8FDC-42A3-9474-1A3956D46DE8}") = "Catalog", "Catalog", "{470C9AD8-2BA2-4831-9324-3A916AF15756}"
EndProject
Project("{2150E333-8FDC-42A3-9474-1A3956D46DE8}") = "Basket", "Basket", "{5B16DDAE-6275-43A8-8AB5-7B9FFB1B61D5}"
EndProject
Project("{9A19103F-16F7-4668-BE54-9A1E7A4F7556}") = "Basket.API", "Services\Basket\Basket.API\Basket.API.csproj", "{AFEF5C8E-8395-442B-AC73-9BF8A87E72F2}"
EndProject
Project("{2150E333-8FDC-42A3-9474-1A3956D46DE8}") = "Discount", "Discount", "{39E3B67E-5E81-4F19-8FF5-1E857141DB3D}"
EndProject
Project("{9A19103F-16F7-4668-BE54-9A1E7A4F7556}") = "Discount.Grpc", "Services\Discount\Discount.Grpc\Discount.Grpc.csproj", "{6BD16BEC-7579-4888-9B6A-51017D144EF6}"
EndProject
Project("{2150E333-8FDC-42A3-9474-1A3956D46DE8}") = "Ordering", "Ordering", "{357D647B-A1C7-4992-9AE7-B67B4C25F831}"
EndProject
Project("{9A19103F-16F7-4668-BE54-9A1E7A4F7556}") = "Ordering.API", "Services\Ordering\Ordering.API\Ordering.API.csproj", "{70C5F77F-3F17-41FF-85F4-0614EFCE4C87}"
EndProject
Project("{9A19103F-16F7-4668-BE54-9A1E7A4F7556}") = "Ordering.Domain", "Services\Ordering\Ordering.Domain\Ordering.Domain.csproj", "{30FE6D56-46D5-4F7D-8410-52C76E516D26}"
EndProject
Project("{9A19103F-16F7-4668-BE54-9A1E7A4F7556}") = "Ordering.Application", "Services\Ordering\Ordering.Application\Ordering.Application.csproj", "{4B7FF9CE-3C46-49F5-B900-03756681951C}"
EndProject
Project("{9A19103F-16F7-4668-BE54-9A1E7A4F7556}") = "Ordering.Infrastructure", "Services\Ordering\Ordering.Ifrastructure\Ordering.Infrastructure.csproj", "{464B5A5F-758B-4B2C-A09D-977AFAD167BD}"
EndProject
Project("{FAE04EC0-301F-11D3-BF4B-00C04F79EFBC}") = "BuildingBlocks.Messaging", "BuildingBlocks\BuildingBlocks.Messaging\BuildingBlocks.Messaging.csproj", "{B52DD655-CBF6-420D-A51E-A9DCD84A8001}"
EndProject
Project("{2150E333-8FDC-42A3-9474-1A3956D46DE8}") = "ApiGateways", "ApiGateways", "{2CEE227D-BD86-4538-B1F7-18369BDA1560}"
EndProject
Project("{FAE04EC0-301F-11D3-BF4B-00C04F79EFBC}") = "YarpApiGateway", "ApiGateways\YarpApiGateway\YarpApiGateway.csproj", "{95963920-C8E7-472C-A67A-78DDFEC69641}"
EndProject
Global
	GlobalSection(SolutionConfigurationPlatforms) = preSolution
		Debug|Any CPU = Debug|Any CPU
		Release|Any CPU = Release|Any CPU
	EndGlobalSection
	GlobalSection(ProjectConfigurationPlatforms) = postSolution
		{8E4C276E-4ABA-423F-BFB4-5EF8E9F96BBB}.Debug|Any CPU.ActiveCfg = Debug|Any CPU
		{8E4C276E-4ABA-423F-BFB4-5EF8E9F96BBB}.Debug|Any CPU.Build.0 = Debug|Any CPU
		{8E4C276E-4ABA-423F-BFB4-5EF8E9F96BBB}.Release|Any CPU.ActiveCfg = Release|Any CPU
		{8E4C276E-4ABA-423F-BFB4-5EF8E9F96BBB}.Release|Any CPU.Build.0 = Release|Any CPU
		{11E3D140-FBB2-495E-82D8-8A1FC50A18E4}.Debug|Any CPU.ActiveCfg = Debug|Any CPU
		{11E3D140-FBB2-495E-82D8-8A1FC50A18E4}.Debug|Any CPU.Build.0 = Debug|Any CPU
		{11E3D140-FBB2-495E-82D8-8A1FC50A18E4}.Release|Any CPU.ActiveCfg = Release|Any CPU
		{11E3D140-FBB2-495E-82D8-8A1FC50A18E4}.Release|Any CPU.Build.0 = Release|Any CPU
		{26DB2851-6CE2-4FE8-932A-656EF27BD2D2}.Debug|Any CPU.ActiveCfg = Debug|Any CPU
		{26DB2851-6CE2-4FE8-932A-656EF27BD2D2}.Debug|Any CPU.Build.0 = Debug|Any CPU
		{26DB2851-6CE2-4FE8-932A-656EF27BD2D2}.Release|Any CPU.ActiveCfg = Release|Any CPU
		{26DB2851-6CE2-4FE8-932A-656EF27BD2D2}.Release|Any CPU.Build.0 = Release|Any CPU
		{AFEF5C8E-8395-442B-AC73-9BF8A87E72F2}.Debug|Any CPU.ActiveCfg = Debug|Any CPU
		{AFEF5C8E-8395-442B-AC73-9BF8A87E72F2}.Debug|Any CPU.Build.0 = Debug|Any CPU
		{AFEF5C8E-8395-442B-AC73-9BF8A87E72F2}.Release|Any CPU.ActiveCfg = Release|Any CPU
		{AFEF5C8E-8395-442B-AC73-9BF8A87E72F2}.Release|Any CPU.Build.0 = Release|Any CPU
		{6BD16BEC-7579-4888-9B6A-51017D144EF6}.Debug|Any CPU.ActiveCfg = Debug|Any CPU
		{6BD16BEC-7579-4888-9B6A-51017D144EF6}.Debug|Any CPU.Build.0 = Debug|Any CPU
		{6BD16BEC-7579-4888-9B6A-51017D144EF6}.Release|Any CPU.ActiveCfg = Release|Any CPU
		{6BD16BEC-7579-4888-9B6A-51017D144EF6}.Release|Any CPU.Build.0 = Release|Any CPU
		{70C5F77F-3F17-41FF-85F4-0614EFCE4C87}.Debug|Any CPU.ActiveCfg = Debug|Any CPU
		{70C5F77F-3F17-41FF-85F4-0614EFCE4C87}.Debug|Any CPU.Build.0 = Debug|Any CPU
		{70C5F77F-3F17-41FF-85F4-0614EFCE4C87}.Release|Any CPU.ActiveCfg = Release|Any CPU
		{70C5F77F-3F17-41FF-85F4-0614EFCE4C87}.Release|Any CPU.Build.0 = Release|Any CPU
		{30FE6D56-46D5-4F7D-8410-52C76E516D26}.Debug|Any CPU.ActiveCfg = Debug|Any CPU
		{30FE6D56-46D5-4F7D-8410-52C76E516D26}.Debug|Any CPU.Build.0 = Debug|Any CPU
		{30FE6D56-46D5-4F7D-8410-52C76E516D26}.Release|Any CPU.ActiveCfg = Release|Any CPU
		{30FE6D56-46D5-4F7D-8410-52C76E516D26}.Release|Any CPU.Build.0 = Release|Any CPU
		{4B7FF9CE-3C46-49F5-B900-03756681951C}.Debug|Any CPU.ActiveCfg = Debug|Any CPU
		{4B7FF9CE-3C46-49F5-B900-03756681951C}.Debug|Any CPU.Build.0 = Debug|Any CPU
		{4B7FF9CE-3C46-49F5-B900-03756681951C}.Release|Any CPU.ActiveCfg = Release|Any CPU
		{4B7FF9CE-3C46-49F5-B900-03756681951C}.Release|Any CPU.Build.0 = Release|Any CPU
		{464B5A5F-758B-4B2C-A09D-977AFAD167BD}.Debug|Any CPU.ActiveCfg = Debug|Any CPU
		{464B5A5F-758B-4B2C-A09D-977AFAD167BD}.Debug|Any CPU.Build.0 = Debug|Any CPU
		{464B5A5F-758B-4B2C-A09D-977AFAD167BD}.Release|Any CPU.ActiveCfg = Release|Any CPU
		{464B5A5F-758B-4B2C-A09D-977AFAD167BD}.Release|Any CPU.Build.0 = Release|Any CPU
		{B52DD655-CBF6-420D-A51E-A9DCD84A8001}.Debug|Any CPU.ActiveCfg = Debug|Any CPU
		{B52DD655-CBF6-420D-A51E-A9DCD84A8001}.Debug|Any CPU.Build.0 = Debug|Any CPU
		{B52DD655-CBF6-420D-A51E-A9DCD84A8001}.Release|Any CPU.ActiveCfg = Release|Any CPU
		{B52DD655-CBF6-420D-A51E-A9DCD84A8001}.Release|Any CPU.Build.0 = Release|Any CPU
		{95963920-C8E7-472C-A67A-78DDFEC69641}.Debug|Any CPU.ActiveCfg = Debug|Any CPU
		{95963920-C8E7-472C-A67A-78DDFEC69641}.Debug|Any CPU.Build.0 = Debug|Any CPU
		{95963920-C8E7-472C-A67A-78DDFEC69641}.Release|Any CPU.ActiveCfg = Release|Any CPU
		{95963920-C8E7-472C-A67A-78DDFEC69641}.Release|Any CPU.Build.0 = Release|Any CPU
	EndGlobalSection
	GlobalSection(SolutionProperties) = preSolution
		HideSolutionNode = FALSE
	EndGlobalSection
	GlobalSection(NestedProjects) = preSolution
		{8E4C276E-4ABA-423F-BFB4-5EF8E9F96BBB} = {470C9AD8-2BA2-4831-9324-3A916AF15756}
		{11E3D140-FBB2-495E-82D8-8A1FC50A18E4} = {F99F1EED-871C-4EA4-9A44-975154319B91}
		{470C9AD8-2BA2-4831-9324-3A916AF15756} = {3242F726-A775-4156-A526-534E3659BE3B}
		{5B16DDAE-6275-43A8-8AB5-7B9FFB1B61D5} = {3242F726-A775-4156-A526-534E3659BE3B}
		{AFEF5C8E-8395-442B-AC73-9BF8A87E72F2} = {5B16DDAE-6275-43A8-8AB5-7B9FFB1B61D5}
		{39E3B67E-5E81-4F19-8FF5-1E857141DB3D} = {3242F726-A775-4156-A526-534E3659BE3B}
		{6BD16BEC-7579-4888-9B6A-51017D144EF6} = {39E3B67E-5E81-4F19-8FF5-1E857141DB3D}
		{357D647B-A1C7-4992-9AE7-B67B4C25F831} = {3242F726-A775-4156-A526-534E3659BE3B}
		{70C5F77F-3F17-41FF-85F4-0614EFCE4C87} = {357D647B-A1C7-4992-9AE7-B67B4C25F831}
		{30FE6D56-46D5-4F7D-8410-52C76E516D26} = {357D647B-A1C7-4992-9AE7-B67B4C25F831}
		{4B7FF9CE-3C46-49F5-B900-03756681951C} = {357D647B-A1C7-4992-9AE7-B67B4C25F831}
		{464B5A5F-758B-4B2C-A09D-977AFAD167BD} = {357D647B-A1C7-4992-9AE7-B67B4C25F831}
		{B52DD655-CBF6-420D-A51E-A9DCD84A8001} = {F99F1EED-871C-4EA4-9A44-975154319B91}
		{95963920-C8E7-472C-A67A-78DDFEC69641} = {2CEE227D-BD86-4538-B1F7-18369BDA1560}
	EndGlobalSection
	GlobalSection(ExtensibilityGlobals) = postSolution
		SolutionGuid = {C0A2274F-F1E8-44CA-A82A-9F9E206F6C20}
	EndGlobalSection
EndGlobal
